// !$*UTF8*$!
{
	archiveVersion = 1;
	classes = {
	};
	objectVersion = 56;
	objects = {

/* Begin PBXBuildFile section */
		04E3845F297201F50070AC9B /* MattApp.swift in Sources */ = {isa = PBXBuildFile; fileRef = 04E3845E297201F50070AC9B /* MattApp.swift */; };
		04E38463297201F60070AC9B /* Assets.xcassets in Resources */ = {isa = PBXBuildFile; fileRef = 04E38462297201F60070AC9B /* Assets.xcassets */; };
		04E3846D29720AA70070AC9B /* MattView.swift in Sources */ = {isa = PBXBuildFile; fileRef = 04E3846C29720AA70070AC9B /* MattView.swift */; };
		04E3847129720ADD0070AC9B /* WifiError.swift in Sources */ = {isa = PBXBuildFile; fileRef = 04E3847029720ADD0070AC9B /* WifiError.swift */; };
		04E3849329720DAF0070AC9B /* WidgetKit.framework in Frameworks */ = {isa = PBXBuildFile; fileRef = 04E3847829720D750070AC9B /* WidgetKit.framework */; };
		04E3849429720DAF0070AC9B /* SwiftUI.framework in Frameworks */ = {isa = PBXBuildFile; fileRef = 04E3847A29720D750070AC9B /* SwiftUI.framework */; };
		04E3849729720DAF0070AC9B /* MattWidgetBundle.swift in Sources */ = {isa = PBXBuildFile; fileRef = 04E3849629720DAF0070AC9B /* MattWidgetBundle.swift */; };
		04E3849929720DAF0070AC9B /* MattWidget.swift in Sources */ = {isa = PBXBuildFile; fileRef = 04E3849829720DAF0070AC9B /* MattWidget.swift */; };
		04E3849C29720DB00070AC9B /* Assets.xcassets in Resources */ = {isa = PBXBuildFile; fileRef = 04E3849B29720DB00070AC9B /* Assets.xcassets */; };
		04E384A229720DB00070AC9B /* MattWidgetExtension.appex in Embed Foundation Extensions */ = {isa = PBXBuildFile; fileRef = 04E3849229720DAF0070AC9B /* MattWidgetExtension.appex */; settings = {ATTRIBUTES = (RemoveHeadersOnCopy, ); }; };
		04E384A72972125E0070AC9B /* MattIsAway.swift in Sources */ = {isa = PBXBuildFile; fileRef = 04E384A62972125E0070AC9B /* MattIsAway.swift */; };
		04E384A8297212A30070AC9B /* MattIsAway.swift in Sources */ = {isa = PBXBuildFile; fileRef = 04E384A62972125E0070AC9B /* MattIsAway.swift */; };
		04F582D32981816300C62E0D /* SwiftSoup in Frameworks */ = {isa = PBXBuildFile; productRef = 04F582D22981816300C62E0D /* SwiftSoup */; };
		04F582D52981870300C62E0D /* MattHelper.swift in Sources */ = {isa = PBXBuildFile; fileRef = 04F582D42981870300C62E0D /* MattHelper.swift */; };
		04F582D6298187EC00C62E0D /* MattHelper.swift in Sources */ = {isa = PBXBuildFile; fileRef = 04F582D42981870300C62E0D /* MattHelper.swift */; };
		04F582D8298189DB00C62E0D /* SwiftSoup in Frameworks */ = {isa = PBXBuildFile; productRef = 04F582D7298189DB00C62E0D /* SwiftSoup */; };
/* End PBXBuildFile section */

/* Begin PBXContainerItemProxy section */
		04E384A029720DB00070AC9B /* PBXContainerItemProxy */ = {
			isa = PBXContainerItemProxy;
			containerPortal = 04E38453297201F50070AC9B /* Project object */;
			proxyType = 1;
			remoteGlobalIDString = 04E3849129720DAF0070AC9B;
			remoteInfo = MattWidgetExtension;
		};
/* End PBXContainerItemProxy section */

/* Begin PBXCopyFilesBuildPhase section */
		04E3848D29720D760070AC9B /* Embed Foundation Extensions */ = {
			isa = PBXCopyFilesBuildPhase;
			buildActionMask = 12;
			dstPath = "";
			dstSubfolderSpec = 13;
			files = (
				04E384A229720DB00070AC9B /* MattWidgetExtension.appex in Embed Foundation Extensions */,
			);
			name = "Embed Foundation Extensions";
			runOnlyForDeploymentPostprocessing = 0;
		};
/* End PBXCopyFilesBuildPhase section */

/* Begin PBXFileReference section */
		04E3845B297201F50070AC9B /* Matt.app */ = {isa = PBXFileReference; explicitFileType = wrapper.application; includeInIndex = 0; path = Matt.app; sourceTree = BUILT_PRODUCTS_DIR; };
		04E3845E297201F50070AC9B /* MattApp.swift */ = {isa = PBXFileReference; lastKnownFileType = sourcecode.swift; path = MattApp.swift; sourceTree = "<group>"; };
		04E38462297201F60070AC9B /* Assets.xcassets */ = {isa = PBXFileReference; lastKnownFileType = folder.assetcatalog; path = Assets.xcassets; sourceTree = "<group>"; };
		04E3846C29720AA70070AC9B /* MattView.swift */ = {isa = PBXFileReference; lastKnownFileType = sourcecode.swift; path = MattView.swift; sourceTree = "<group>"; };
		04E3847029720ADD0070AC9B /* WifiError.swift */ = {isa = PBXFileReference; fileEncoding = 4; lastKnownFileType = sourcecode.swift; path = WifiError.swift; sourceTree = "<group>"; };
		04E3847829720D750070AC9B /* WidgetKit.framework */ = {isa = PBXFileReference; lastKnownFileType = wrapper.framework; name = WidgetKit.framework; path = System/Library/Frameworks/WidgetKit.framework; sourceTree = SDKROOT; };
		04E3847A29720D750070AC9B /* SwiftUI.framework */ = {isa = PBXFileReference; lastKnownFileType = wrapper.framework; name = SwiftUI.framework; path = System/Library/Frameworks/SwiftUI.framework; sourceTree = SDKROOT; };
		04E3849229720DAF0070AC9B /* MattWidgetExtension.appex */ = {isa = PBXFileReference; explicitFileType = "wrapper.app-extension"; includeInIndex = 0; path = MattWidgetExtension.appex; sourceTree = BUILT_PRODUCTS_DIR; };
		04E3849629720DAF0070AC9B /* MattWidgetBundle.swift */ = {isa = PBXFileReference; lastKnownFileType = sourcecode.swift; path = MattWidgetBundle.swift; sourceTree = "<group>"; };
		04E3849829720DAF0070AC9B /* MattWidget.swift */ = {isa = PBXFileReference; lastKnownFileType = sourcecode.swift; path = MattWidget.swift; sourceTree = "<group>"; };
		04E3849B29720DB00070AC9B /* Assets.xcassets */ = {isa = PBXFileReference; lastKnownFileType = folder.assetcatalog; path = Assets.xcassets; sourceTree = "<group>"; };
		04E3849D29720DB00070AC9B /* Info.plist */ = {isa = PBXFileReference; lastKnownFileType = text.plist.xml; path = Info.plist; sourceTree = "<group>"; };
		04E384A62972125E0070AC9B /* MattIsAway.swift */ = {isa = PBXFileReference; lastKnownFileType = sourcecode.swift; path = MattIsAway.swift; sourceTree = "<group>"; };
		04F582D42981870300C62E0D /* MattHelper.swift */ = {isa = PBXFileReference; lastKnownFileType = sourcecode.swift; path = MattHelper.swift; sourceTree = "<group>"; };
/* End PBXFileReference section */

/* Begin PBXFrameworksBuildPhase section */
		04E38458297201F50070AC9B /* Frameworks */ = {
			isa = PBXFrameworksBuildPhase;
			buildActionMask = 2147483647;
			files = (
				04F582D32981816300C62E0D /* SwiftSoup in Frameworks */,
			);
			runOnlyForDeploymentPostprocessing = 0;
		};
		04E3848F29720DAF0070AC9B /* Frameworks */ = {
			isa = PBXFrameworksBuildPhase;
			buildActionMask = 2147483647;
			files = (
				04E3849429720DAF0070AC9B /* SwiftUI.framework in Frameworks */,
				04E3849329720DAF0070AC9B /* WidgetKit.framework in Frameworks */,
				04F582D8298189DB00C62E0D /* SwiftSoup in Frameworks */,
			);
			runOnlyForDeploymentPostprocessing = 0;
		};
/* End PBXFrameworksBuildPhase section */

/* Begin PBXGroup section */
		04E38452297201F50070AC9B = {
			isa = PBXGroup;
			children = (
				04E3845D297201F50070AC9B /* Matt */,
				04E3849529720DAF0070AC9B /* MattWidget */,
				04E3847729720D750070AC9B /* Frameworks */,
				04E3845C297201F50070AC9B /* Products */,
			);
			sourceTree = "<group>";
		};
		04E3845C297201F50070AC9B /* Products */ = {
			isa = PBXGroup;
			children = (
				04E3845B297201F50070AC9B /* Matt.app */,
				04E3849229720DAF0070AC9B /* MattWidgetExtension.appex */,
			);
			name = Products;
			sourceTree = "<group>";
		};
		04E3845D297201F50070AC9B /* Matt */ = {
			isa = PBXGroup;
			children = (
				04E3845E297201F50070AC9B /* MattApp.swift */,
				04E3846C29720AA70070AC9B /* MattView.swift */,
				04E384A62972125E0070AC9B /* MattIsAway.swift */,
				04E3847029720ADD0070AC9B /* WifiError.swift */,
				04F582D42981870300C62E0D /* MattHelper.swift */,
				04E38462297201F60070AC9B /* Assets.xcassets */,
			);
			path = Matt;
			sourceTree = "<group>";
		};
		04E3847729720D750070AC9B /* Frameworks */ = {
			isa = PBXGroup;
			children = (
				04E3847829720D750070AC9B /* WidgetKit.framework */,
				04E3847A29720D750070AC9B /* SwiftUI.framework */,
			);
			name = Frameworks;
			sourceTree = "<group>";
		};
		04E3849529720DAF0070AC9B /* MattWidget */ = {
			isa = PBXGroup;
			children = (
				04E3849629720DAF0070AC9B /* MattWidgetBundle.swift */,
				04E3849829720DAF0070AC9B /* MattWidget.swift */,
				04E3849B29720DB00070AC9B /* Assets.xcassets */,
				04E3849D29720DB00070AC9B /* Info.plist */,
			);
			path = MattWidget;
			sourceTree = "<group>";
		};
/* End PBXGroup section */

/* Begin PBXNativeTarget section */
		04E3845A297201F50070AC9B /* Matt */ = {
			isa = PBXNativeTarget;
			buildConfigurationList = 04E38469297201F60070AC9B /* Build configuration list for PBXNativeTarget "Matt" */;
			buildPhases = (
				04E38457297201F50070AC9B /* Sources */,
				04E38458297201F50070AC9B /* Frameworks */,
				04E38459297201F50070AC9B /* Resources */,
				04E3848D29720D760070AC9B /* Embed Foundation Extensions */,
			);
			buildRules = (
			);
			dependencies = (
				04E384A129720DB00070AC9B /* PBXTargetDependency */,
			);
			name = Matt;
			packageProductDependencies = (
				04F582D22981816300C62E0D /* SwiftSoup */,
			);
			productName = Matt;
			productReference = 04E3845B297201F50070AC9B /* Matt.app */;
			productType = "com.apple.product-type.application";
		};
		04E3849129720DAF0070AC9B /* MattWidgetExtension */ = {
			isa = PBXNativeTarget;
			buildConfigurationList = 04E384A329720DB00070AC9B /* Build configuration list for PBXNativeTarget "MattWidgetExtension" */;
			buildPhases = (
				04E3848E29720DAF0070AC9B /* Sources */,
				04E3848F29720DAF0070AC9B /* Frameworks */,
				04E3849029720DAF0070AC9B /* Resources */,
			);
			buildRules = (
			);
			dependencies = (
			);
			name = MattWidgetExtension;
			packageProductDependencies = (
				04F582D7298189DB00C62E0D /* SwiftSoup */,
			);
			productName = MattWidgetExtension;
			productReference = 04E3849229720DAF0070AC9B /* MattWidgetExtension.appex */;
			productType = "com.apple.product-type.app-extension";
		};
/* End PBXNativeTarget section */

/* Begin PBXProject section */
		04E38453297201F50070AC9B /* Project object */ = {
			isa = PBXProject;
			attributes = {
				BuildIndependentTargetsInParallel = 1;
				LastSwiftUpdateCheck = 1410;
				LastUpgradeCheck = 1410;
				TargetAttributes = {
					04E3845A297201F50070AC9B = {
						CreatedOnToolsVersion = 14.1;
					};
					04E3849129720DAF0070AC9B = {
						CreatedOnToolsVersion = 14.1;
					};
				};
			};
			buildConfigurationList = 04E38456297201F50070AC9B /* Build configuration list for PBXProject "Matt" */;
			compatibilityVersion = "Xcode 14.0";
			developmentRegion = en;
			hasScannedForEncodings = 0;
			knownRegions = (
				en,
				Base,
			);
			mainGroup = 04E38452297201F50070AC9B;
			packageReferences = (
				04F582D12981816300C62E0D /* XCRemoteSwiftPackageReference "SwiftSoup" */,
			);
			productRefGroup = 04E3845C297201F50070AC9B /* Products */;
			projectDirPath = "";
			projectRoot = "";
			targets = (
				04E3845A297201F50070AC9B /* Matt */,
				04E3849129720DAF0070AC9B /* MattWidgetExtension */,
			);
		};
/* End PBXProject section */

/* Begin PBXResourcesBuildPhase section */
		04E38459297201F50070AC9B /* Resources */ = {
			isa = PBXResourcesBuildPhase;
			buildActionMask = 2147483647;
			files = (
				04E38463297201F60070AC9B /* Assets.xcassets in Resources */,
			);
			runOnlyForDeploymentPostprocessing = 0;
		};
		04E3849029720DAF0070AC9B /* Resources */ = {
			isa = PBXResourcesBuildPhase;
			buildActionMask = 2147483647;
			files = (
				04E3849C29720DB00070AC9B /* Assets.xcassets in Resources */,
			);
			runOnlyForDeploymentPostprocessing = 0;
		};
/* End PBXResourcesBuildPhase section */

/* Begin PBXSourcesBuildPhase section */
		04E38457297201F50070AC9B /* Sources */ = {
			isa = PBXSourcesBuildPhase;
			buildActionMask = 2147483647;
			files = (
				04E3846D29720AA70070AC9B /* MattView.swift in Sources */,
				04E3845F297201F50070AC9B /* MattApp.swift in Sources */,
				04E3847129720ADD0070AC9B /* WifiError.swift in Sources */,
				04E384A72972125E0070AC9B /* MattIsAway.swift in Sources */,
				04F582D52981870300C62E0D /* MattHelper.swift in Sources */,
			);
			runOnlyForDeploymentPostprocessing = 0;
		};
		04E3848E29720DAF0070AC9B /* Sources */ = {
			isa = PBXSourcesBuildPhase;
			buildActionMask = 2147483647;
			files = (
				04E384A8297212A30070AC9B /* MattIsAway.swift in Sources */,
				04F582D6298187EC00C62E0D /* MattHelper.swift in Sources */,
				04E3849729720DAF0070AC9B /* MattWidgetBundle.swift in Sources */,
				04E3849929720DAF0070AC9B /* MattWidget.swift in Sources */,
			);
			runOnlyForDeploymentPostprocessing = 0;
		};
/* End PBXSourcesBuildPhase section */

/* Begin PBXTargetDependency section */
		04E384A129720DB00070AC9B /* PBXTargetDependency */ = {
			isa = PBXTargetDependency;
			target = 04E3849129720DAF0070AC9B /* MattWidgetExtension */;
			targetProxy = 04E384A029720DB00070AC9B /* PBXContainerItemProxy */;
		};
/* End PBXTargetDependency section */

/* Begin XCBuildConfiguration section */
		04E38467297201F60070AC9B /* Debug */ = {
			isa = XCBuildConfiguration;
			buildSettings = {
				ALWAYS_SEARCH_USER_PATHS = NO;
				ARCHS = "$(ARCHS_STANDARD)";
				CLANG_ANALYZER_NONNULL = YES;
				CLANG_ANALYZER_NUMBER_OBJECT_CONVERSION = YES_AGGRESSIVE;
				CLANG_CXX_LANGUAGE_STANDARD = "gnu++20";
				CLANG_ENABLE_MODULES = YES;
				CLANG_ENABLE_OBJC_ARC = YES;
				CLANG_ENABLE_OBJC_WEAK = YES;
				CLANG_WARN_BLOCK_CAPTURE_AUTORELEASING = YES;
				CLANG_WARN_BOOL_CONVERSION = YES;
				CLANG_WARN_COMMA = YES;
				CLANG_WARN_CONSTANT_CONVERSION = YES;
				CLANG_WARN_DEPRECATED_OBJC_IMPLEMENTATIONS = YES;
				CLANG_WARN_DIRECT_OBJC_ISA_USAGE = YES_ERROR;
				CLANG_WARN_DOCUMENTATION_COMMENTS = YES;
				CLANG_WARN_EMPTY_BODY = YES;
				CLANG_WARN_ENUM_CONVERSION = YES;
				CLANG_WARN_INFINITE_RECURSION = YES;
				CLANG_WARN_INT_CONVERSION = YES;
				CLANG_WARN_NON_LITERAL_NULL_CONVERSION = YES;
				CLANG_WARN_OBJC_IMPLICIT_RETAIN_SELF = YES;
				CLANG_WARN_OBJC_LITERAL_CONVERSION = YES;
				CLANG_WARN_OBJC_ROOT_CLASS = YES_ERROR;
				CLANG_WARN_QUOTED_INCLUDE_IN_FRAMEWORK_HEADER = YES;
				CLANG_WARN_RANGE_LOOP_ANALYSIS = YES;
				CLANG_WARN_STRICT_PROTOTYPES = YES;
				CLANG_WARN_SUSPICIOUS_MOVE = YES;
				CLANG_WARN_UNGUARDED_AVAILABILITY = YES_AGGRESSIVE;
				CLANG_WARN_UNREACHABLE_CODE = YES;
				CLANG_WARN__DUPLICATE_METHOD_MATCH = YES;
				COPY_PHASE_STRIP = NO;
				DEBUG_INFORMATION_FORMAT = dwarf;
				ENABLE_STRICT_OBJC_MSGSEND = YES;
				ENABLE_TESTABILITY = YES;
				GCC_C_LANGUAGE_STANDARD = gnu11;
				GCC_DYNAMIC_NO_PIC = NO;
				GCC_NO_COMMON_BLOCKS = YES;
				GCC_OPTIMIZATION_LEVEL = 0;
				GCC_PREPROCESSOR_DEFINITIONS = (
					"DEBUG=1",
					"$(inherited)",
				);
				GCC_WARN_64_TO_32_BIT_CONVERSION = YES;
				GCC_WARN_ABOUT_RETURN_TYPE = YES_ERROR;
				GCC_WARN_UNDECLARED_SELECTOR = YES;
				GCC_WARN_UNINITIALIZED_AUTOS = YES_AGGRESSIVE;
				GCC_WARN_UNUSED_FUNCTION = YES;
				GCC_WARN_UNUSED_VARIABLE = YES;
				IPHONEOS_DEPLOYMENT_TARGET = 15.0;
				MTL_ENABLE_DEBUG_INFO = INCLUDE_SOURCE;
				MTL_FAST_MATH = YES;
				ONLY_ACTIVE_ARCH = NO;
				SDKROOT = iphoneos;
				SWIFT_ACTIVE_COMPILATION_CONDITIONS = DEBUG;
				SWIFT_OPTIMIZATION_LEVEL = "-Onone";
				VALIDATE_PRODUCT = YES;
			};
			name = Debug;
		};
		04E38468297201F60070AC9B /* Release */ = {
			isa = XCBuildConfiguration;
			buildSettings = {
				ALWAYS_SEARCH_USER_PATHS = NO;
				ARCHS = "$(ARCHS_STANDARD)";
				CLANG_ANALYZER_NONNULL = YES;
				CLANG_ANALYZER_NUMBER_OBJECT_CONVERSION = YES_AGGRESSIVE;
				CLANG_CXX_LANGUAGE_STANDARD = "gnu++20";
				CLANG_ENABLE_MODULES = YES;
				CLANG_ENABLE_OBJC_ARC = YES;
				CLANG_ENABLE_OBJC_WEAK = YES;
				CLANG_WARN_BLOCK_CAPTURE_AUTORELEASING = YES;
				CLANG_WARN_BOOL_CONVERSION = YES;
				CLANG_WARN_COMMA = YES;
				CLANG_WARN_CONSTANT_CONVERSION = YES;
				CLANG_WARN_DEPRECATED_OBJC_IMPLEMENTATIONS = YES;
				CLANG_WARN_DIRECT_OBJC_ISA_USAGE = YES_ERROR;
				CLANG_WARN_DOCUMENTATION_COMMENTS = YES;
				CLANG_WARN_EMPTY_BODY = YES;
				CLANG_WARN_ENUM_CONVERSION = YES;
				CLANG_WARN_INFINITE_RECURSION = YES;
				CLANG_WARN_INT_CONVERSION = YES;
				CLANG_WARN_NON_LITERAL_NULL_CONVERSION = YES;
				CLANG_WARN_OBJC_IMPLICIT_RETAIN_SELF = YES;
				CLANG_WARN_OBJC_LITERAL_CONVERSION = YES;
				CLANG_WARN_OBJC_ROOT_CLASS = YES_ERROR;
				CLANG_WARN_QUOTED_INCLUDE_IN_FRAMEWORK_HEADER = YES;
				CLANG_WARN_RANGE_LOOP_ANALYSIS = YES;
				CLANG_WARN_STRICT_PROTOTYPES = YES;
				CLANG_WARN_SUSPICIOUS_MOVE = YES;
				CLANG_WARN_UNGUARDED_AVAILABILITY = YES_AGGRESSIVE;
				CLANG_WARN_UNREACHABLE_CODE = YES;
				CLANG_WARN__DUPLICATE_METHOD_MATCH = YES;
				COPY_PHASE_STRIP = NO;
				DEBUG_INFORMATION_FORMAT = "dwarf-with-dsym";
				ENABLE_NS_ASSERTIONS = NO;
				ENABLE_STRICT_OBJC_MSGSEND = YES;
				GCC_C_LANGUAGE_STANDARD = gnu11;
				GCC_NO_COMMON_BLOCKS = YES;
				GCC_WARN_64_TO_32_BIT_CONVERSION = YES;
				GCC_WARN_ABOUT_RETURN_TYPE = YES_ERROR;
				GCC_WARN_UNDECLARED_SELECTOR = YES;
				GCC_WARN_UNINITIALIZED_AUTOS = YES_AGGRESSIVE;
				GCC_WARN_UNUSED_FUNCTION = YES;
				GCC_WARN_UNUSED_VARIABLE = YES;
				IPHONEOS_DEPLOYMENT_TARGET = 15.0;
				MTL_ENABLE_DEBUG_INFO = NO;
				MTL_FAST_MATH = YES;
				ONLY_ACTIVE_ARCH = NO;
				SDKROOT = iphoneos;
				SWIFT_COMPILATION_MODE = wholemodule;
				SWIFT_OPTIMIZATION_LEVEL = "-O";
				VALIDATE_PRODUCT = YES;
			};
			name = Release;
		};
		04E3846A297201F60070AC9B /* Debug */ = {
			isa = XCBuildConfiguration;
			buildSettings = {
				ALWAYS_EMBED_SWIFT_STANDARD_LIBRARIES = YES;
				ARCHS = "$(ARCHS_STANDARD)";
				ASSETCATALOG_COMPILER_APPICON_NAME = AppIcon;
				ASSETCATALOG_COMPILER_GLOBAL_ACCENT_COLOR_NAME = AccentColor;
				CODE_SIGN_STYLE = Automatic;
				CURRENT_PROJECT_VERSION = 2;
				DEVELOPMENT_ASSET_PATHS = "";
				DEVELOPMENT_TEAM = 4CQW4CFFYT;
				ENABLE_PREVIEWS = YES;
				GENERATE_INFOPLIST_FILE = YES;
				INFOPLIST_KEY_UIApplicationSceneManifest_Generation = YES;
				INFOPLIST_KEY_UIApplicationSupportsIndirectInputEvents = YES;
				INFOPLIST_KEY_UILaunchScreen_Generation = YES;
				INFOPLIST_KEY_UISupportedInterfaceOrientations_iPad = "UIInterfaceOrientationPortrait UIInterfaceOrientationPortraitUpsideDown UIInterfaceOrientationLandscapeLeft UIInterfaceOrientationLandscapeRight";
				INFOPLIST_KEY_UISupportedInterfaceOrientations_iPhone = "UIInterfaceOrientationPortrait UIInterfaceOrientationLandscapeLeft UIInterfaceOrientationLandscapeRight";
				IPHONEOS_DEPLOYMENT_TARGET = 15.0;
				LD_RUNPATH_SEARCH_PATHS = (
					"$(inherited)",
					"@executable_path/Frameworks",
				);
				MARKETING_VERSION = 1.0;
				PRODUCT_BUNDLE_IDENTIFIER = com.jackfinnis.Matt;
				PRODUCT_NAME = "$(TARGET_NAME)";
				SWIFT_EMIT_LOC_STRINGS = YES;
				SWIFT_VERSION = 5.0;
				TARGETED_DEVICE_FAMILY = "1,2";
			};
			name = Debug;
		};
		04E3846B297201F60070AC9B /* Release */ = {
			isa = XCBuildConfiguration;
			buildSettings = {
				ALWAYS_EMBED_SWIFT_STANDARD_LIBRARIES = YES;
				ARCHS = "$(ARCHS_STANDARD)";
				ASSETCATALOG_COMPILER_APPICON_NAME = AppIcon;
				ASSETCATALOG_COMPILER_GLOBAL_ACCENT_COLOR_NAME = AccentColor;
				CODE_SIGN_STYLE = Automatic;
				CURRENT_PROJECT_VERSION = 2;
				DEVELOPMENT_ASSET_PATHS = "";
				DEVELOPMENT_TEAM = 4CQW4CFFYT;
				ENABLE_PREVIEWS = YES;
				GENERATE_INFOPLIST_FILE = YES;
				INFOPLIST_KEY_UIApplicationSceneManifest_Generation = YES;
				INFOPLIST_KEY_UIApplicationSupportsIndirectInputEvents = YES;
				INFOPLIST_KEY_UILaunchScreen_Generation = YES;
				INFOPLIST_KEY_UISupportedInterfaceOrientations_iPad = "UIInterfaceOrientationPortrait UIInterfaceOrientationPortraitUpsideDown UIInterfaceOrientationLandscapeLeft UIInterfaceOrientationLandscapeRight";
				INFOPLIST_KEY_UISupportedInterfaceOrientations_iPhone = "UIInterfaceOrientationPortrait UIInterfaceOrientationLandscapeLeft UIInterfaceOrientationLandscapeRight";
				IPHONEOS_DEPLOYMENT_TARGET = 15.0;
				LD_RUNPATH_SEARCH_PATHS = (
					"$(inherited)",
					"@executable_path/Frameworks",
				);
				MARKETING_VERSION = 1.0;
				PRODUCT_BUNDLE_IDENTIFIER = com.jackfinnis.Matt;
				PRODUCT_NAME = "$(TARGET_NAME)";
				SWIFT_EMIT_LOC_STRINGS = YES;
				SWIFT_VERSION = 5.0;
				TARGETED_DEVICE_FAMILY = "1,2";
			};
			name = Release;
		};
		04E384A429720DB00070AC9B /* Debug */ = {
			isa = XCBuildConfiguration;
			buildSettings = {
				ARCHS = "$(ARCHS_STANDARD)";
				ASSETCATALOG_COMPILER_GLOBAL_ACCENT_COLOR_NAME = AccentColor;
				ASSETCATALOG_COMPILER_WIDGET_BACKGROUND_COLOR_NAME = WidgetBackground;
				CODE_SIGN_STYLE = Automatic;
				CURRENT_PROJECT_VERSION = 2;
				DEVELOPMENT_TEAM = 4CQW4CFFYT;
				GENERATE_INFOPLIST_FILE = YES;
				INFOPLIST_FILE = MattWidget/Info.plist;
				INFOPLIST_KEY_CFBundleDisplayName = MattWidget;
				INFOPLIST_KEY_NSHumanReadableCopyright = "";
				IPHONEOS_DEPLOYMENT_TARGET = 15.0;
				LD_RUNPATH_SEARCH_PATHS = (
					"$(inherited)",
					"@executable_path/Frameworks",
					"@executable_path/../../Frameworks",
				);
				MARKETING_VERSION = 1.0;
				ONLY_ACTIVE_ARCH = NO;
				PRODUCT_BUNDLE_IDENTIFIER = com.jackfinnis.Matt.MattWidget;
				PRODUCT_NAME = "$(TARGET_NAME)";
				SKIP_INSTALL = YES;
				SWIFT_EMIT_LOC_STRINGS = YES;
				SWIFT_VERSION = 5.0;
				TARGETED_DEVICE_FAMILY = "1,2";
			};
			name = Debug;
		};
		04E384A529720DB00070AC9B /* Release */ = {
			isa = XCBuildConfiguration;
			buildSettings = {
				ARCHS = "$(ARCHS_STANDARD)";
				ASSETCATALOG_COMPILER_GLOBAL_ACCENT_COLOR_NAME = AccentColor;
				ASSETCATALOG_COMPILER_WIDGET_BACKGROUND_COLOR_NAME = WidgetBackground;
				CODE_SIGN_STYLE = Automatic;
				CURRENT_PROJECT_VERSION = 2;
				DEVELOPMENT_TEAM = 4CQW4CFFYT;
				GENERATE_INFOPLIST_FILE = YES;
				INFOPLIST_FILE = MattWidget/Info.plist;
				INFOPLIST_KEY_CFBundleDisplayName = MattWidget;
				INFOPLIST_KEY_NSHumanReadableCopyright = "";
				IPHONEOS_DEPLOYMENT_TARGET = 15.0;
				LD_RUNPATH_SEARCH_PATHS = (
					"$(inherited)",
					"@executable_path/Frameworks",
					"@executable_path/../../Frameworks",
				);
				MARKETING_VERSION = 1.0;
				ONLY_ACTIVE_ARCH = NO;
				PRODUCT_BUNDLE_IDENTIFIER = com.jackfinnis.Matt.MattWidget;
				PRODUCT_NAME = "$(TARGET_NAME)";
				SKIP_INSTALL = YES;
				SWIFT_EMIT_LOC_STRINGS = YES;
				SWIFT_VERSION = 5.0;
				TARGETED_DEVICE_FAMILY = "1,2";
			};
			name = Release;
		};
/* End XCBuildConfiguration section */

/* Begin XCConfigurationList section */
		04E38456297201F50070AC9B /* Build configuration list for PBXProject "Matt" */ = {
			isa = XCConfigurationList;
			buildConfigurations = (
				04E38467297201F60070AC9B /* Debug */,
				04E38468297201F60070AC9B /* Release */,
			);
			defaultConfigurationIsVisible = 0;
			defaultConfigurationName = Release;
		};
		04E38469297201F60070AC9B /* Build configuration list for PBXNativeTarget "Matt" */ = {
			isa = XCConfigurationList;
			buildConfigurations = (
				04E3846A297201F60070AC9B /* Debug */,
				04E3846B297201F60070AC9B /* Release */,
			);
			defaultConfigurationIsVisible = 0;
			defaultConfigurationName = Release;
		};
		04E384A329720DB00070AC9B /* Build configuration list for PBXNativeTarget "MattWidgetExtension" */ = {
			isa = XCConfigurationList;
			buildConfigurations = (
				04E384A429720DB00070AC9B /* Debug */,
				04E384A529720DB00070AC9B /* Release */,
			);
			defaultConfigurationIsVisible = 0;
			defaultConfigurationName = Release;
		};
/* End XCConfigurationList section */

/* Begin XCRemoteSwiftPackageReference section */
		04F582D12981816300C62E0D /* XCRemoteSwiftPackageReference "SwiftSoup" */ = {
			isa = XCRemoteSwiftPackageReference;
			repositoryURL = "https://github.com/scinfu/SwiftSoup.git";
			requirement = {
				kind = upToNextMajorVersion;
				minimumVersion = 2.5.3;
			};
		};
/* End XCRemoteSwiftPackageReference section */

/* Begin XCSwiftPackageProductDependency section */
		04F582D22981816300C62E0D /* SwiftSoup */ = {
			isa = XCSwiftPackageProductDependency;
			package = 04F582D12981816300C62E0D /* XCRemoteSwiftPackageReference "SwiftSoup" */;
			productName = SwiftSoup;
		};
		04F582D7298189DB00C62E0D /* SwiftSoup */ = {
			isa = XCSwiftPackageProductDependency;
			package = 04F582D12981816300C62E0D /* XCRemoteSwiftPackageReference "SwiftSoup" */;
			productName = SwiftSoup;
		};
/* End XCSwiftPackageProductDependency section */
	};
	rootObject = 04E38453297201F50070AC9B /* Project object */;
}
